
Microsoft Visual Studio Solution File, Format Version 12.00
# Visual Studio Version 17
VisualStudioVersion = 17.0.31903.59
MinimumVisualStudioVersion = 10.0.40219.1
Project("{2150E333-8FDC-42A3-9474-1A3956D46DE8}") = "src", "src", "{827E0CD3-B72D-47B6-A68D-7590B98EB39B}"
EndProject
Project("{FAE04EC0-301F-11D3-BF4B-00C04F79EFBC}") = "RetroShare.Domain", "src\RetroShare.Domain\RetroShare.Domain.csproj", "{C7544D60-AE03-4DFB-AF6D-5A9AB9CCD0F5}"
EndProject
Project("{FAE04EC0-301F-11D3-BF4B-00C04F79EFBC}") = "RetroShare.Application", "src\RetroShare.Application\RetroShare.Application.csproj", "{3ED41B3A-F48F-4639-B619-6691771547D1}"
EndProject
Project("{FAE04EC0-301F-11D3-BF4B-00C04F79EFBC}") = "RetroShare.Infrastructure", "src\RetroShare.Infrastructure\RetroShare.Infrastructure.csproj", "{61689D94-5319-4F54-AD58-E1DACA2945BE}"
EndProject
Project("{FAE04EC0-301F-11D3-BF4B-00C04F79EFBC}") = "RetroShare.API", "src\RetroShare.API\RetroShare.API.csproj", "{1996A8D7-8175-462A-A381-7A9FF6726F12}"
EndProject
Project("{FAE04EC0-301F-11D3-BF4B-00C04F79EFBC}") = "RetroShare.UnitTests", "tests\RetroShare.UnitTests\RetroShare.UnitTests.csproj", "{B6C8205C-D361-433D-98E7-E42FD91E9D29}"
EndProject
Project("{FAE04EC0-301F-11D3-BF4B-00C04F79EFBC}") = "RetroShare.IntegrationTests", "tests\RetroShare.IntegrationTests\RetroShare.IntegrationTests.csproj", "{F09CC891-06B2-420F-9C2B-B7B090A9C0E9}"
EndProject
Global
	GlobalSection(SolutionConfigurationPlatforms) = preSolution
		Debug|Any CPU = Debug|Any CPU
		Debug|x64 = Debug|x64
		Debug|x86 = Debug|x86
		Release|Any CPU = Release|Any CPU
		Release|x64 = Release|x64
		Release|x86 = Release|x86
	EndGlobalSection
	GlobalSection(ProjectConfigurationPlatforms) = postSolution
		{C7544D60-AE03-4DFB-AF6D-5A9AB9CCD0F5}.Debug|Any CPU.ActiveCfg = Debug|Any CPU
		{C7544D60-AE03-4DFB-AF6D-5A9AB9CCD0F5}.Debug|Any CPU.Build.0 = Debug|Any CPU
		{C7544D60-AE03-4DFB-AF6D-5A9AB9CCD0F5}.Debug|x64.ActiveCfg = Debug|Any CPU
		{C7544D60-AE03-4DFB-AF6D-5A9AB9CCD0F5}.Debug|x64.Build.0 = Debug|Any CPU
		{C7544D60-AE03-4DFB-AF6D-5A9AB9CCD0F5}.Debug|x86.ActiveCfg = Debug|Any CPU
		{C7544D60-AE03-4DFB-AF6D-5A9AB9CCD0F5}.Debug|x86.Build.0 = Debug|Any CPU
		{C7544D60-AE03-4DFB-AF6D-5A9AB9CCD0F5}.Release|Any CPU.ActiveCfg = Release|Any CPU
		{C7544D60-AE03-4DFB-AF6D-5A9AB9CCD0F5}.Release|Any CPU.Build.0 = Release|Any CPU
		{C7544D60-AE03-4DFB-AF6D-5A9AB9CCD0F5}.Release|x64.ActiveCfg = Release|Any CPU
		{C7544D60-AE03-4DFB-AF6D-5A9AB9CCD0F5}.Release|x64.Build.0 = Release|Any CPU
		{C7544D60-AE03-4DFB-AF6D-5A9AB9CCD0F5}.Release|x86.ActiveCfg = Release|Any CPU
		{C7544D60-AE03-4DFB-AF6D-5A9AB9CCD0F5}.Release|x86.Build.0 = Release|Any CPU
		{3ED41B3A-F48F-4639-B619-6691771547D1}.Debug|Any CPU.ActiveCfg = Debug|Any CPU
		{3ED41B3A-F48F-4639-B619-6691771547D1}.Debug|Any CPU.Build.0 = Debug|Any CPU
		{3ED41B3A-F48F-4639-B619-6691771547D1}.Debug|x64.ActiveCfg = Debug|Any CPU
		{3ED41B3A-F48F-4639-B619-6691771547D1}.Debug|x64.Build.0 = Debug|Any CPU
		{3ED41B3A-F48F-4639-B619-6691771547D1}.Debug|x86.ActiveCfg = Debug|Any CPU
		{3ED41B3A-F48F-4639-B619-6691771547D1}.Debug|x86.Build.0 = Debug|Any CPU
		{3ED41B3A-F48F-4639-B619-6691771547D1}.Release|Any CPU.ActiveCfg = Release|Any CPU
		{3ED41B3A-F48F-4639-B619-6691771547D1}.Release|Any CPU.Build.0 = Release|Any CPU
		{3ED41B3A-F48F-4639-B619-6691771547D1}.Release|x64.ActiveCfg = Release|Any CPU
		{3ED41B3A-F48F-4639-B619-6691771547D1}.Release|x64.Build.0 = Release|Any CPU
		{3ED41B3A-F48F-4639-B619-6691771547D1}.Release|x86.ActiveCfg = Release|Any CPU
		{3ED41B3A-F48F-4639-B619-6691771547D1}.Release|x86.Build.0 = Release|Any CPU
		{61689D94-5319-4F54-AD58-E1DACA2945BE}.Debug|Any CPU.ActiveCfg = Debug|Any CPU
		{61689D94-5319-4F54-AD58-E1DACA2945BE}.Debug|Any CPU.Build.0 = Debug|Any CPU
		{61689D94-5319-4F54-AD58-E1DACA2945BE}.Debug|x64.ActiveCfg = Debug|Any CPU
		{61689D94-5319-4F54-AD58-E1DACA2945BE}.Debug|x64.Build.0 = Debug|Any CPU
		{61689D94-5319-4F54-AD58-E1DACA2945BE}.Debug|x86.ActiveCfg = Debug|Any CPU
		{61689D94-5319-4F54-AD58-E1DACA2945BE}.Debug|x86.Build.0 = Debug|Any CPU
		{61689D94-5319-4F54-AD58-E1DACA2945BE}.Release|Any CPU.ActiveCfg = Release|Any CPU
		{61689D94-5319-4F54-AD58-E1DACA2945BE}.Release|Any CPU.Build.0 = Release|Any CPU
		{61689D94-5319-4F54-AD58-E1DACA2945BE}.Release|x64.ActiveCfg = Release|Any CPU
		{61689D94-5319-4F54-AD58-E1DACA2945BE}.Release|x64.Build.0 = Release|Any CPU
		{61689D94-5319-4F54-AD58-E1DACA2945BE}.Release|x86.ActiveCfg = Release|Any CPU
		{61689D94-5319-4F54-AD58-E1DACA2945BE}.Release|x86.Build.0 = Release|Any CPU
		{1996A8D7-8175-462A-A381-7A9FF6726F12}.Debug|Any CPU.ActiveCfg = Debug|Any CPU
		{1996A8D7-8175-462A-A381-7A9FF6726F12}.Debug|Any CPU.Build.0 = Debug|Any CPU
		{1996A8D7-8175-462A-A381-7A9FF6726F12}.Debug|x64.ActiveCfg = Debug|Any CPU
		{1996A8D7-8175-462A-A381-7A9FF6726F12}.Debug|x64.Build.0 = Debug|Any CPU
		{1996A8D7-8175-462A-A381-7A9FF6726F12}.Debug|x86.ActiveCfg = Debug|Any CPU
		{1996A8D7-8175-462A-A381-7A9FF6726F12}.Debug|x86.Build.0 = Debug|Any CPU
		{1996A8D7-8175-462A-A381-7A9FF6726F12}.Release|Any CPU.ActiveCfg = Release|Any CPU
		{1996A8D7-8175-462A-A381-7A9FF6726F12}.Release|Any CPU.Build.0 = Release|Any CPU
		{1996A8D7-8175-462A-A381-7A9FF6726F12}.Release|x64.ActiveCfg = Release|Any CPU
		{1996A8D7-8175-462A-A381-7A9FF6726F12}.Release|x64.Build.0 = Release|Any CPU
		{1996A8D7-8175-462A-A381-7A9FF6726F12}.Release|x86.ActiveCfg = Release|Any CPU
		{1996A8D7-8175-462A-A381-7A9FF6726F12}.Release|x86.Build.0 = Release|Any CPU
		{B6C8205C-D361-433D-98E7-E42FD91E9D29}.Debug|Any CPU.ActiveCfg = Debug|Any CPU
		{B6C8205C-D361-433D-98E7-E42FD91E9D29}.Debug|Any CPU.Build.0 = Debug|Any CPU
		{B6C8205C-D361-433D-98E7-E42FD91E9D29}.Debug|x64.ActiveCfg = Debug|Any CPU
		{B6C8205C-D361-433D-98E7-E42FD91E9D29}.Debug|x64.Build.0 = Debug|Any CPU
		{B6C8205C-D361-433D-98E7-E42FD91E9D29}.Debug|x86.ActiveCfg = Debug|Any CPU
		{B6C8205C-D361-433D-98E7-E42FD91E9D29}.Debug|x86.Build.0 = Debug|Any CPU
		{B6C8205C-D361-433D-98E7-E42FD91E9D29}.Release|Any CPU.ActiveCfg = Release|Any CPU
		{B6C8205C-D361-433D-98E7-E42FD91E9D29}.Release|Any CPU.Build.0 = Release|Any CPU
		{B6C8205C-D361-433D-98E7-E42FD91E9D29}.Release|x64.ActiveCfg = Release|Any CPU
		{B6C8205C-D361-433D-98E7-E42FD91E9D29}.Release|x64.Build.0 = Release|Any CPU
		{B6C8205C-D361-433D-98E7-E42FD91E9D29}.Release|x86.ActiveCfg = Release|Any CPU
		{B6C8205C-D361-433D-98E7-E42FD91E9D29}.Release|x86.Build.0 = Release|Any CPU
		{F09CC891-06B2-420F-9C2B-B7B090A9C0E9}.Debug|Any CPU.ActiveCfg = Debug|Any CPU
		{F09CC891-06B2-420F-9C2B-B7B090A9C0E9}.Debug|Any CPU.Build.0 = Debug|Any CPU
		{F09CC891-06B2-420F-9C2B-B7B090A9C0E9}.Debug|x64.ActiveCfg = Debug|Any CPU
		{F09CC891-06B2-420F-9C2B-B7B090A9C0E9}.Debug|x64.Build.0 = Debug|Any CPU
		{F09CC891-06B2-420F-9C2B-B7B090A9C0E9}.Debug|x86.ActiveCfg = Debug|Any CPU
		{F09CC891-06B2-420F-9C2B-B7B090A9C0E9}.Debug|x86.Build.0 = Debug|Any CPU
		{F09CC891-06B2-420F-9C2B-B7B090A9C0E9}.Release|Any CPU.ActiveCfg = Release|Any CPU
		{F09CC891-06B2-420F-9C2B-B7B090A9C0E9}.Release|Any CPU.Build.0 = Release|Any CPU
		{F09CC891-06B2-420F-9C2B-B7B090A9C0E9}.Release|x64.ActiveCfg = Release|Any CPU
		{F09CC891-06B2-420F-9C2B-B7B090A9C0E9}.Release|x64.Build.0 = Release|Any CPU
		{F09CC891-06B2-420F-9C2B-B7B090A9C0E9}.Release|x86.ActiveCfg = Release|Any CPU
		{F09CC891-06B2-420F-9C2B-B7B090A9C0E9}.Release|x86.Build.0 = Release|Any CPU
	EndGlobalSection
	GlobalSection(SolutionProperties) = preSolution
		HideSolutionNode = FALSE
	EndGlobalSection
	GlobalSection(NestedProjects) = preSolution
		{C7544D60-AE03-4DFB-AF6D-5A9AB9CCD0F5} = {827E0CD3-B72D-47B6-A68D-7590B98EB39B}
		{3ED41B3A-F48F-4639-B619-6691771547D1} = {827E0CD3-B72D-47B6-A68D-7590B98EB39B}
		{61689D94-5319-4F54-AD58-E1DACA2945BE} = {827E0CD3-B72D-47B6-A68D-7590B98EB39B}
		{1996A8D7-8175-462A-A381-7A9FF6726F12} = {827E0CD3-B72D-47B6-A68D-7590B98EB39B}
		{B6C8205C-D361-433D-98E7-E42FD91E9D29} = {827E0CD3-B72D-47B6-A68D-7590B98EB39B}
		{F09CC891-06B2-420F-9C2B-B7B090A9C0E9} = {827E0CD3-B72D-47B6-A68D-7590B98EB39B}
	EndGlobalSection
EndGlobal
